
Microsoft Visual Studio Solution File, Format Version 12.00
Project("{FAE04EC0-301F-11D3-BF4B-00C04F79EFBC}") = "RapidsLang", "RapidsLang\RapidsLang.csproj", "{2DA0BA7A-8FB0-4AE9-8217-EE2FC44F8830}"
EndProject
Project("{FAE04EC0-301F-11D3-BF4B-00C04F79EFBC}") = "RapidsLang.Lsp", "RapidsLang.Lsp\RapidsLang.Lsp.csproj", "{8FA34D4A-9AE9-4F32-8D1E-8C390759ABF9}"
EndProject
Project("{FAE04EC0-301F-11D3-BF4B-00C04F79EFBC}") = "RapidsLang.NativeExtension", "RapidsLang.NativeExtension\RapidsLang.NativeExtension.csproj", "{992694CB-1A4E-4E92-818E-AB7973C22698}"
EndProject
Global
	GlobalSection(SolutionConfigurationPlatforms) = preSolution
		Debug|Any CPU = Debug|Any CPU
		Release|Any CPU = Release|Any CPU
	EndGlobalSection
	GlobalSection(ProjectConfigurationPlatforms) = postSolution
		{2DA0BA7A-8FB0-4AE9-8217-EE2FC44F8830}.Debug|Any CPU.ActiveCfg = Debug|Any CPU
		{2DA0BA7A-8FB0-4AE9-8217-EE2FC44F8830}.Debug|Any CPU.Build.0 = Debug|Any CPU
		{2DA0BA7A-8FB0-4AE9-8217-EE2FC44F8830}.Release|Any CPU.ActiveCfg = Release|Any CPU
		{2DA0BA7A-8FB0-4AE9-8217-EE2FC44F8830}.Release|Any CPU.Build.0 = Release|Any CPU
		{8FA34D4A-9AE9-4F32-8D1E-8C390759ABF9}.Debug|Any CPU.ActiveCfg = Debug|Any CPU
		{8FA34D4A-9AE9-4F32-8D1E-8C390759ABF9}.Debug|Any CPU.Build.0 = Debug|Any CPU
		{8FA34D4A-9AE9-4F32-8D1E-8C390759ABF9}.Release|Any CPU.ActiveCfg = Release|Any CPU
		{8FA34D4A-9AE9-4F32-8D1E-8C390759ABF9}.Release|Any CPU.Build.0 = Release|Any CPU
		{992694CB-1A4E-4E92-818E-AB7973C22698}.Debug|Any CPU.ActiveCfg = Debug|Any CPU
		{992694CB-1A4E-4E92-818E-AB7973C22698}.Debug|Any CPU.Build.0 = Debug|Any CPU
		{992694CB-1A4E-4E92-818E-AB7973C22698}.Release|Any CPU.ActiveCfg = Release|Any CPU
		{992694CB-1A4E-4E92-818E-AB7973C22698}.Release|Any CPU.Build.0 = Release|Any CPU
	EndGlobalSection
EndGlobal
